{
  "name": "bjs-nullengine-demo",
  "version": "1.0.0",
  "lockfileVersion": 1,
  "requires": true,
  "dependencies": {
    "ammojs": {
      "version": "0.0.2",
      "resolved": "https://registry.npmjs.org/ammojs/-/ammojs-0.0.2.tgz",
      "integrity": "sha1-EWwc0dEILa8S6IT82vqFkJpkNDc="
    },
    "babylonjs": {
      "version": "4.1.0-beta.20",
      "resolved": "https://registry.npmjs.org/babylonjs/-/babylonjs-4.1.0-beta.20.tgz",
      "integrity": "sha512-FU52D50wsS3Gr/VXWmLEKAqCOA4tuw+BIPJWnCaKmTN644k9IKyzOsZnMz+WulyC29Uce3duUKgv+PCpRMCKig=="
    },
    "babylonjs-gltf2interface": {
      "version": "4.1.0-beta.20",
      "resolved": "https://registry.npmjs.org/babylonjs-gltf2interface/-/babylonjs-gltf2interface-4.1.0-beta.20.tgz",
      "integrity": "sha512-Y3hGTh+5Yhywc7k8p8n49KKk3Od8u9pSgIp4OOjxliGSuRtc301chifpfVThgcs7UVoowfCXXxdB6mrUzRnFXw=="
    },
    "babylonjs-gui": {
      "version": "4.1.0-beta.20",
      "resolved": "https://registry.npmjs.org/babylonjs-gui/-/babylonjs-gui-4.1.0-beta.20.tgz",
      "integrity": "sha512-MlltKioctMMI7LW3Qk0K6kZW/5ZqM5HUDpnyR99kus5T7z0ss4GEFcbtt+c7+HAQkI15MjloTalD48G+MS7d8Q==",
      "requires": {
        "babylonjs": "4.1.0-beta.20"
      }
    },
    "babylonjs-loaders": {
      "version": "4.1.0-beta.20",
      "resolved": "https://registry.npmjs.org/babylonjs-loaders/-/babylonjs-loaders-4.1.0-beta.20.tgz",
      "integrity": "sha512-RebvCqF0lhLa6fVtAKAPoyBvpRBcPscFwVK5GgA2r7f7QtB9b2vAKii3uW2tayDU+wNSZNDlJWY7zDToib/olA==",
      "requires": {
        "babylonjs": "4.1.0-beta.20",
        "babylonjs-gltf2interface": "4.1.0-beta.20"
      }
    },
    "babylonjs-materials": {
      "version": "4.1.0-beta.20",
      "resolved": "https://registry.npmjs.org/babylonjs-materials/-/babylonjs-materials-4.1.0-beta.20.tgz",
      "integrity": "sha512-aVYQ/tFa04qy2fDnupYD/pxjG4vL64krms8pKbK7euNVoK7ZnZgKjwj7hig5zKkQq//NgsGCwX7ibCJRIqs+wQ==",
      "requires": {
        "babylonjs": "4.1.0-beta.20"
      }
    },
    "babylonjs-post-process": {
      "version": "4.1.0-beta.20",
      "resolved": "https://registry.npmjs.org/babylonjs-post-process/-/babylonjs-post-process-4.1.0-beta.20.tgz",
      "integrity": "sha512-rpHhomeoNC7k7IM5SW6g8nfAB1ieEHH1/sBXpp4nxeBX2a/Wwj7RZla8ydP09FOuxswwine2BE9xtKTuFjp7Fw==",
      "requires": {
        "babylonjs": "4.1.0-beta.20"
      }
    },
    "babylonjs-serializers": {
      "version": "4.1.0-beta.20",
      "resolved": "https://registry.npmjs.org/babylonjs-serializers/-/babylonjs-serializers-4.1.0-beta.20.tgz",
      "integrity": "sha512-NW0YUIzao4YIFxuPCcuON683Vnp5yzzbFrRR2qaUTTW9qQtYa9Ai791Cb9z7PYjYGO5hfqX0DPsAdVcJDW6i5g==",
      "requires": {
        "babylonjs": "4.1.0-beta.20",
        "babylonjs-gltf2interface": "4.1.0-beta.20"
      }
    },
    "cannon": {
      "version": "0.6.2",
      "resolved": "https://registry.npmjs.org/cannon/-/cannon-0.6.2.tgz",
      "integrity": "sha1-HnvHLdWEGYLzwQTCvFeL+k+xxXI="
    },
    "oimo": {
      "version": "1.0.9",
      "resolved": "https://registry.npmjs.org/oimo/-/oimo-1.0.9.tgz",
      "integrity": "sha1-C1kuNhx5kQP9sE+zvhJkJF72iEs="
    },
    "xhr2": {
      "version": "0.2.0",
      "resolved": "https://registry.npmjs.org/xhr2/-/xhr2-0.2.0.tgz",
      "integrity": "sha512-BDtiD0i2iKPK/S8OAZfpk6tyzEDnKKSjxWHcMBVmh+LuqJ8A32qXTyOx+TVOg2dKvq6zGBq2sgKPkEeRs1qTRA=="
    }
  }
}
